{
  "name": "simple",
  "version": "1.0.0",
  "lockfileVersion": 2,
  "requires": true,
  "packages": {
    "": {
      "name": "simple",
      "version": "1.0.0",
      "dependencies": {
        "beep": "file:../../dist"
      }
    },
    "../../dist": {},
    "node_modules/beep": {
      "resolved": "../../dist",
      "link": true
    }
  },
  "dependencies": {
    "beep": {
      "version": "file:../../dist"
    }
  }
}
